{
  "version": 4,
  "terraform_version": "0.15.0",
  "serial": 213,
  "lineage": "bb4403bd-d6ce-0ef0-31b0-2b6263cf09cf",
  "outputs": {
    "cluster_name": {
      "value": "polls-cluster-dev",
      "type": "string"
    }
  },
  "resources": [
    {
      "mode": "managed",
      "type": "google_compute_instance",
      "name": "vm_instance",
      "provider": "provider[\"registry.terraform.io/hashicorp/google\"]",
      "instances": [
        {
          "schema_version": 6,
          "attributes": {
            "allow_stopping_for_update": null,
            "attached_disk": [],
            "boot_disk": [
              {
                "auto_delete": true,
                "device_name": "persistent-disk-0",
                "disk_encryption_key_raw": "",
                "disk_encryption_key_sha256": "",
                "initialize_params": [
                  {
                    "image": "https://www.googleapis.com/compute/v1/projects/debian-cloud/global/images/debian-9-stretch-v20210420",
                    "labels": {},
                    "size": 10,
                    "type": "pd-standard"
                  }
                ],
                "kms_key_self_link": "",
                "mode": "READ_WRITE",
                "source": "https://www.googleapis.com/compute/v1/projects/thandiwekhalaki/zones/us-central1-a/disks/terraform-instance"
              }
            ],
            "can_ip_forward": false,
            "confidential_instance_config": [],
            "cpu_platform": "Intel Haswell",
            "current_status": "RUNNING",
            "deletion_protection": false,
            "description": "",
            "desired_status": null,
            "enable_display": false,
            "guest_accelerator": [],
            "hostname": "",
            "id": "projects/thandiwekhalaki/zones/us-central1-a/instances/terraform-instance",
            "instance_id": "6592146345755735821",
            "label_fingerprint": "42WmSpB8rSM=",
            "labels": {},
            "machine_type": "f1-micro",
            "metadata": {},
            "metadata_fingerprint": "40nBYlXFTKQ=",
            "metadata_startup_script": "",
            "min_cpu_platform": "",
            "name": "terraform-instance",
            "network_interface": [
              {
                "access_config": [
                  {
                    "nat_ip": "35.222.73.234",
                    "network_tier": "PREMIUM",
                    "public_ptr_domain_name": ""
                  }
                ],
                "alias_ip_range": [],
                "name": "nic0",
                "network": "https://www.googleapis.com/compute/v1/projects/thandiwekhalaki/global/networks/terraform-network",
                "network_ip": "10.128.0.2",
                "nic_type": "",
                "subnetwork": "https://www.googleapis.com/compute/v1/projects/thandiwekhalaki/regions/us-central1/subnetworks/terraform-network",
                "subnetwork_project": "thandiwekhalaki"
              }
            ],
            "project": "thandiwekhalaki",
            "resource_policies": [],
            "scheduling": [
              {
                "automatic_restart": true,
                "min_node_cpus": 0,
                "node_affinities": [],
                "on_host_maintenance": "MIGRATE",
                "preemptible": false
              }
            ],
            "scratch_disk": [],
            "self_link": "https://www.googleapis.com/compute/v1/projects/thandiwekhalaki/zones/us-central1-a/instances/terraform-instance",
            "service_account": [],
            "shielded_instance_config": [],
            "tags": [],
            "tags_fingerprint": "42WmSpB8rSM=",
            "timeouts": null,
            "zone": "us-central1-a"
          },
          "sensitive_attributes": [],
          "private": "eyJlMmJmYjczMC1lY2FhLTExZTYtOGY4OC0zNDM2M2JjN2M0YzAiOnsiY3JlYXRlIjoxMjAwMDAwMDAwMDAwLCJkZWxldGUiOjEyMDAwMDAwMDAwMDAsInVwZGF0ZSI6MTIwMDAwMDAwMDAwMH0sInNjaGVtYV92ZXJzaW9uIjoiNiJ9",
          "dependencies": [
            "google_compute_network.vpc_network"
          ]
        }
      ]
    },
    {
      "mode": "managed",
      "type": "google_compute_network",
      "name": "vpc_network",
      "provider": "provider[\"registry.terraform.io/hashicorp/google\"]",
      "instances": [
        {
          "schema_version": 0,
          "attributes": {
            "auto_create_subnetworks": true,
            "delete_default_routes_on_create": false,
            "description": "",
            "gateway_ipv4": "",
            "id": "projects/thandiwekhalaki/global/networks/terraform-network",
            "mtu": 0,
            "name": "terraform-network",
            "project": "thandiwekhalaki",
            "routing_mode": "REGIONAL",
            "self_link": "https://www.googleapis.com/compute/v1/projects/thandiwekhalaki/global/networks/terraform-network",
            "timeouts": null
          },
          "sensitive_attributes": [],
          "private": "eyJlMmJmYjczMC1lY2FhLTExZTYtOGY4OC0zNDM2M2JjN2M0YzAiOnsiY3JlYXRlIjoyNDAwMDAwMDAwMDAsImRlbGV0ZSI6MjQwMDAwMDAwMDAwLCJ1cGRhdGUiOjI0MDAwMDAwMDAwMH19"
        }
      ]
    },
    {
      "mode": "managed",
      "type": "google_sql_database",
      "name": "database",
      "provider": "provider[\"registry.terraform.io/hashicorp/google\"]",
      "instances": [
        {
          "schema_version": 0,
          "attributes": {
            "charset": "UTF8",
            "collation": "en_US.UTF8",
            "id": "projects/thandiwekhalaki/instances/pollinstancedb/databases/polls-database",
            "instance": "pollinstancedb",
            "name": "polls-database",
            "project": "thandiwekhalaki",
            "self_link": "https://sqladmin.googleapis.com/sql/v1beta4/projects/thandiwekhalaki/instances/pollinstancedb/databases/polls-database",
            "timeouts": null
          },
          "sensitive_attributes": [],
          "private": "eyJlMmJmYjczMC1lY2FhLTExZTYtOGY4OC0zNDM2M2JjN2M0YzAiOnsiY3JlYXRlIjo5MDAwMDAwMDAwMDAsImRlbGV0ZSI6NjAwMDAwMDAwMDAwLCJ1cGRhdGUiOjYwMDAwMDAwMDAwMH19",
          "dependencies": [
            "google_sql_database_instance.instance"
          ]
        }
      ]
    },
    {
      "mode": "managed",
      "type": "google_sql_database_instance",
      "name": "instance",
      "provider": "provider[\"registry.terraform.io/hashicorp/google\"]",
      "instances": [
        {
          "schema_version": 0,
          "attributes": {
            "clone": [],
            "connection_name": "thandiwekhalaki:us-central1:pollinstancedb",
            "database_version": "POSTGRES_12",
            "deletion_protection": true,
            "first_ip_address": "35.222.54.206",
            "id": "pollinstancedb",
            "ip_address": [
              {
                "ip_address": "35.222.54.206",
                "time_to_retire": "",
                "type": "PRIMARY"
              }
            ],
            "master_instance_name": "",
            "name": "pollinstancedb",
            "private_ip_address": "",
            "project": "thandiwekhalaki",
            "public_ip_address": "35.222.54.206",
            "region": "us-central1",
            "replica_configuration": [],
            "restore_backup_context": [],
            "root_password": null,
            "self_link": "https://sqladmin.googleapis.com/sql/v1beta4/projects/thandiwekhalaki/instances/pollinstancedb",
            "server_ca_cert": [
              {
                "cert": "-----BEGIN CERTIFICATE-----\nMIIDfzCCAmegAwIBAgIBADANBgkqhkiG9w0BAQsFADB3MS0wKwYDVQQuEyQ3M2Yw\nZTIxZS1jZGU5LTRjMjctODU0MC1hM2U2ZGY3YWY3MTcxIzAhBgNVBAMTGkdvb2ds\nZSBDbG91ZCBTUUwgU2VydmVyIENBMRQwEgYDVQQKEwtHb29nbGUsIEluYzELMAkG\nA1UEBhMCVVMwHhcNMjEwNDI1MTEyNDI1WhcNMzEwNDIzMTEyNTI1WjB3MS0wKwYD\nVQQuEyQ3M2YwZTIxZS1jZGU5LTRjMjctODU0MC1hM2U2ZGY3YWY3MTcxIzAhBgNV\nBAMTGkdvb2dsZSBDbG91ZCBTUUwgU2VydmVyIENBMRQwEgYDVQQKEwtHb29nbGUs\nIEluYzELMAkGA1UEBhMCVVMwggEiMA0GCSqGSIb3DQEBAQUAA4IBDwAwggEKAoIB\nAQDNb5Uo1ZDRzHGSDi4GgsRUVuNdWEhkhOsFIJdvI2IP1rM6e6Xpr/MiH6ZROMkh\ncIRbtzv8r5he6vqCSCCXO1QE+OO6oeJHW3eMEuADcjo1IQ42vqyLB3o3FS93Zuux\nGYdKMxOEOgxYAkJWEMWJJ/IImLnuvpc+Ylme89DS+WlBg+4/JbmjFvQu3h+6cKdh\ny6D2Lgw61X/X5NINkAsYAlc0faq3MUYGzzO+zgIoghJDdvqE+c7cpicJQsLCHReD\nrqnBiU/CJ3ff5HJcQp7A3Auo5nmY4AnWBSPgDvoBMyJryMkgWKzL51XEnhyJpRKY\nKD5haZhKxjGPvmXrUd0DO4OFAgMBAAGjFjAUMBIGA1UdEwEB/wQIMAYBAf8CAQAw\nDQYJKoZIhvcNAQELBQADggEBAC2urLr5XnkePGod83ILBFQe71WVIfyjXcFtSIat\noiYs7wi2/TRs/vloDKcBDs5q9ojhurKXYQ4BqTp/6qHSfd85DV+O127j4rtNEtEN\nxcQtAccgPeEBhhbMmg1H12P6n0i32qDSBVDeLmlvxeOxk0bkRrVq57WbRRN1Y0Wn\nJQoZDd4G57hF1CLuX3L0vfIemS8eZclAAgQ/GVFAB5k0O3RtRoFgVrzRssr6zPUj\nqGYfyE3ssFeR2Xbalg4ew0RUL1mqQPMZxG2sHdEGhFbDavFrsQ3L2q/fZw2t7ah1\nium53R9DkMn7Q6i7d2w8ygWUYRTzm5gDmNOPiFe3LJqLQsw=\n-----END CERTIFICATE-----",
                "common_name": "C=US,O=Google\\, Inc,CN=Google Cloud SQL Server CA,dnQualifier=73f0e21e-cde9-4c27-8540-a3e6df7af717",
                "create_time": "2021-04-25T11:24:25.477Z",
                "expiration_time": "2031-04-23T11:25:25.477Z",
                "sha1_fingerprint": "2c8bf026ac73ee572a9380b37978138ebc7a2046"
              }
            ],
            "service_account_email_address": "p1025828121784-j1hjku@gcp-sa-cloud-sql.iam.gserviceaccount.com",
            "settings": [
              {
                "activation_policy": "ALWAYS",
                "authorized_gae_applications": [],
                "availability_type": "ZONAL",
                "backup_configuration": [
                  {
                    "backup_retention_settings": [
                      {
                        "retained_backups": 7,
                        "retention_unit": "COUNT"
                      }
                    ],
                    "binary_log_enabled": false,
                    "enabled": false,
                    "location": "",
                    "point_in_time_recovery_enabled": false,
                    "start_time": "19:00",
                    "transaction_log_retention_days": 7
                  }
                ],
                "crash_safe_replication": false,
                "database_flags": [],
                "disk_autoresize": true,
                "disk_size": 10,
                "disk_type": "PD_SSD",
                "insights_config": [],
                "ip_configuration": [
                  {
                    "authorized_networks": [],
                    "ipv4_enabled": true,
                    "private_network": "",
                    "require_ssl": false
                  }
                ],
                "location_preference": [
                  {
                    "follow_gae_application": "",
                    "zone": "us-central1-f"
                  }
                ],
                "maintenance_window": [],
                "pricing_plan": "PER_USE",
                "replication_type": "SYNCHRONOUS",
                "tier": "db-f1-micro",
                "user_labels": {},
                "version": 1
              }
            ],
            "timeouts": null
          },
          "sensitive_attributes": [],
          "private": "eyJlMmJmYjczMC1lY2FhLTExZTYtOGY4OC0zNDM2M2JjN2M0YzAiOnsiY3JlYXRlIjoxODAwMDAwMDAwMDAwLCJkZWxldGUiOjE4MDAwMDAwMDAwMDAsInVwZGF0ZSI6MTgwMDAwMDAwMDAwMH19"
        }
      ]
    },
    {
      "mode": "managed",
      "type": "google_sql_user",
      "name": "users",
      "provider": "provider[\"registry.terraform.io/hashicorp/google\"]",
      "instances": [
        {
          "schema_version": 1,
          "attributes": {
            "deletion_policy": null,
            "host": "",
            "id": "polls-user//pollinstancedb",
            "instance": "pollinstancedb",
            "name": "polls-user",
            "password": "password",
            "project": "thandiwekhalaki",
            "timeouts": null,
            "type": ""
          },
          "sensitive_attributes": [],
          "private": "eyJlMmJmYjczMC1lY2FhLTExZTYtOGY4OC0zNDM2M2JjN2M0YzAiOnsiY3JlYXRlIjo2MDAwMDAwMDAwMDAsImRlbGV0ZSI6NjAwMDAwMDAwMDAwLCJ1cGRhdGUiOjYwMDAwMDAwMDAwMH0sInNjaGVtYV92ZXJzaW9uIjoiMSJ9",
          "dependencies": [
            "google_sql_database_instance.instance"
          ]
        }
      ]
    },
    {
      "mode": "managed",
      "type": "local_file",
      "name": "kubeconfig",
      "provider": "provider[\"registry.terraform.io/hashicorp/local\"]",
      "instances": [
        {
          "schema_version": 0,
          "attributes": {
            "content": "apiVersion: v1\nclusters:\n- cluster:\n    certificate-authority-data: LS0tLS1CRUdJTiBDRVJUSUZJQ0FURS0tLS0tCk1JSURLakNDQWhLZ0F3SUJBZ0lRR2t1S0NDK1hSK2RJeXhtQW1sVmo1VEFOQmdrcWhraUc5dzBCQVFzRkFEQXYKTVMwd0t3WURWUVFERXlSbU5XTXpPR1ExWlMwMk1qaGlMVFE0T0dRdFlXSTJNaTFrTkdGaU5tUTNZV1l4WWpRdwpIaGNOTWpFd05ESTFNRGsxTWpJeFdoY05Nall3TkRJME1UQTFNakl4V2pBdk1TMHdLd1lEVlFRREV5Um1OV016Ck9HUTFaUzAyTWpoaUxUUTRPR1F0WVdJMk1pMWtOR0ZpTm1RM1lXWXhZalF3Z2dFaU1BMEdDU3FHU0liM0RRRUIKQVFVQUE0SUJEd0F3Z2dFS0FvSUJBUUNrKzc0K0FzQWlZMWV5VkRycHllODU2WllFWlloUENEV0RSWDhBb1MwYwo5c3VBUlZ3TzVlY3BLaEt1M1hBU3NXaXJQN0NhU3lzVEQ3cXBDY1pFVmxqZlZWbjZDMFdVbis1MWlOMEtxNSs3CkNiOUpiWjFqTCtJU2F5S2lSbHkzWXA2NnBja21CQ1N5ZU1IN0lJcVVzMGJIVDhvM0syU2J0MzZWRlEzKzdtUVcKRGZySzVHZ0JEM2psaXU1c01iOVgyY3hVY3NYWlUzeGQxSmVyejlkTXF0V2pmRk9hdURpUEZTR0Jza1pINUtMZQpDV3pRVTlwVXIwMUExbnhuNU1MeGcwWGNOSmZ3Ty9IY2FteDh6L1pCUFR6NUliWkdvVUhkQXR4SUF3OWo0Ri8xClhTbTFnNE44U09FS2I1c3FXSzJkU1pqMDVJakdVZ3ZTNGcrNmc1V2I4T2tkQWdNQkFBR2pRakJBTUE0R0ExVWQKRHdFQi93UUVBd0lDQkRBUEJnTlZIUk1CQWY4RUJUQURBUUgvTUIwR0ExVWREZ1FXQkJUU0ZmandIbkhiVUhEQgpRT0dXNFg3WHZJUWdtekFOQmdrcWhraUc5dzBCQVFzRkFBT0NBUUVBb0M4MUJ3S1FZbmhBMDJuWEV1YmNjb09KCmdyZ3lTZENLRjlmYS9vTnpNTUNDVU1HRS81SGIvZEpLWlFoZ3pOcDkzOHpnRVVlaVpwUDBhZmRNMGYxcE9hcXQKOUF0bjNraEp5SE9naWEvWTNOUlJLUTI3dkxrajhQRlFyb2tER1ZOZmxTQmxZKy8zaUVhOFBxVWNrekF6Z3grVgpwSHoraUZUbXQ2eWxyeHlMQVJMd2QwRWhnMjFXNW9xMmVqdFE3WlY2ajN1djRtVmU1bjkxWVE5b0Q3azZwL1RvClBSKytUUEZvclN3N3ZEMUMvQ2VBNHVpNEE0dDY0UU9TOWo3dVlCbm5yOHRwZzl2bHpCblpRTklNaUpOOU5JdFYKdWl6Z0UyOW1CZkt5bzdEblIxa21TeTA1aFdmSG1uSjlPd2JERjl1c3BJWFNWM3o0bVFabXpUOThrVUVMblE9PQotLS0tLUVORCBDRVJUSUZJQ0FURS0tLS0tCg==\n    server: https://35.193.10.113\n  name: polls-cluster-dev\ncontexts:\n- context:\n    cluster: polls-cluster-dev\n    user: polls-cluster-dev\n  name: polls-cluster-dev\ncurrent-context: polls-cluster-dev\nkind: Config\npreferences: {}\nusers:\n- name: polls-cluster-dev\n  user:\n    token: ya29.c.KqgB-wdsWuvMjkTqwZpYfoMwAcv5QdiK8VeGKz2FOluufwrUc2lYQ2st2Uq0bFEbVMXlVHkaTofLzL1GfGs4Men1flN6Dkjpb4Kcjy2KZT4zKD-f-9Ms9VqjpV-mEl-NmP_h_Ve1Zh8I_jdmPsA0h9VEDyeQdYM6CFxpP--_CaJMKM5y3pLoIAmiiUdWNKOLinxYHe_MgPxuAj_83mODG55a-iluyGFgNd1R\n",
            "content_base64": null,
            "directory_permission": "0777",
            "file_permission": "0777",
            "filename": "kubeconfig-dev",
            "id": "e1a6f88080056fac2bc857e8d48d4e88dd0f6be2",
            "sensitive_content": null,
            "source": null
          },
          "sensitive_attributes": [
            [
              {
                "type": "get_attr",
                "value": "content"
              }
            ]
          ],
          "private": "bnVsbA==",
          "dependencies": [
            "module.gcp-network.module.subnets.google_compute_subnetwork.subnetwork",
            "module.gcp-network.module.vpc.google_compute_network.network",
            "module.gke.data.google_client_config.default",
            "module.gke.data.google_compute_subnetwork.gke_subnetwork",
            "module.gke.data.google_compute_zones.available",
            "module.gke.data.google_container_engine_versions.region",
            "module.gke.data.google_container_engine_versions.zone",
            "module.gke.google_compute_firewall.intra_egress",
            "module.gke.google_compute_firewall.master_webhooks",
            "module.gke.google_compute_firewall.shadow_allow_master",
            "module.gke.google_compute_firewall.shadow_allow_nodes",
            "module.gke.google_compute_firewall.shadow_allow_pods",
            "module.gke.google_container_cluster.primary",
            "module.gke.google_container_node_pool.pools",
            "module.gke.google_project_iam_member.cluster_service_account-artifact-registry",
            "module.gke.google_project_iam_member.cluster_service_account-gcr",
            "module.gke.google_project_iam_member.cluster_service_account-log_writer",
            "module.gke.google_project_iam_member.cluster_service_account-metric_writer",
            "module.gke.google_project_iam_member.cluster_service_account-monitoring_viewer",
            "module.gke.google_project_iam_member.cluster_service_account-resourceMetadata-writer",
            "module.gke.google_service_account.cluster_service_account",
            "module.gke.kubernetes_config_map.ip-masq-agent",
            "module.gke.kubernetes_config_map.kube-dns",
            "module.gke.kubernetes_config_map.kube-dns-upstream-nameservers-and-stub-domains",
            "module.gke.kubernetes_config_map.kube-dns-upstream-namservers",
            "module.gke.module.gcloud_delete_default_kube_dns_configmap.module.gcloud_kubectl.data.external.env_override",
            "module.gke.module.gcloud_delete_default_kube_dns_configmap.module.gcloud_kubectl.null_resource.additional_components",
            "module.gke.module.gcloud_delete_default_kube_dns_configmap.module.gcloud_kubectl.null_resource.additional_components_destroy",
            "module.gke.module.gcloud_delete_default_kube_dns_configmap.module.gcloud_kubectl.null_resource.decompress",
            "module.gke.module.gcloud_delete_default_kube_dns_configmap.module.gcloud_kubectl.null_resource.decompress_destroy",
            "module.gke.module.gcloud_delete_default_kube_dns_configmap.module.gcloud_kubectl.null_resource.download_gcloud",
            "module.gke.module.gcloud_delete_default_kube_dns_configmap.module.gcloud_kubectl.null_resource.download_jq",
            "module.gke.module.gcloud_delete_default_kube_dns_configmap.module.gcloud_kubectl.null_resource.gcloud_auth_google_credentials",
            "module.gke.module.gcloud_delete_default_kube_dns_configmap.module.gcloud_kubectl.null_resource.gcloud_auth_google_credentials_destroy",
            "module.gke.module.gcloud_delete_default_kube_dns_configmap.module.gcloud_kubectl.null_resource.gcloud_auth_service_account_key_file",
            "module.gke.module.gcloud_delete_default_kube_dns_configmap.module.gcloud_kubectl.null_resource.gcloud_auth_service_account_key_file_destroy",
            "module.gke.module.gcloud_delete_default_kube_dns_configmap.module.gcloud_kubectl.null_resource.module_depends_on",
            "module.gke.module.gcloud_delete_default_kube_dns_configmap.module.gcloud_kubectl.null_resource.prepare_cache",
            "module.gke.module.gcloud_delete_default_kube_dns_configmap.module.gcloud_kubectl.null_resource.run_command",
            "module.gke.module.gcloud_delete_default_kube_dns_configmap.module.gcloud_kubectl.null_resource.run_destroy_command",
            "module.gke.module.gcloud_delete_default_kube_dns_configmap.module.gcloud_kubectl.null_resource.upgrade",
            "module.gke.module.gcloud_delete_default_kube_dns_configmap.module.gcloud_kubectl.null_resource.upgrade_destroy",
            "module.gke.module.gcloud_delete_default_kube_dns_configmap.module.gcloud_kubectl.random_id.cache",
            "module.gke.random_shuffle.available_zones",
            "module.gke.random_string.cluster_service_account_suffix",
            "module.gke_auth.data.template_file.kubeconfig"
          ]
        }
      ]
    },
    {
      "module": "module.gcp-network.module.subnets",
      "mode": "managed",
      "type": "google_compute_subnetwork",
      "name": "subnetwork",
      "provider": "provider[\"registry.terraform.io/hashicorp/google\"]",
      "instances": [
        {
          "index_key": "us-central1/gke-subnet-dev",
          "schema_version": 0,
          "attributes": {
            "creation_timestamp": "2021-04-25T03:51:54.692-07:00",
            "description": "",
            "fingerprint": null,
            "gateway_address": "10.10.0.1",
            "id": "projects/thandiwekhalaki/regions/us-central1/subnetworks/gke-subnet-dev",
            "ip_cidr_range": "10.10.0.0/16",
            "log_config": [],
            "name": "gke-subnet-dev",
            "network": "https://www.googleapis.com/compute/v1/projects/thandiwekhalaki/global/networks/gke-network-dev",
            "private_ip_google_access": false,
            "private_ipv6_google_access": "DISABLE_GOOGLE_ACCESS",
            "project": "thandiwekhalaki",
            "region": "us-central1",
            "secondary_ip_range": [
              {
                "ip_cidr_range": "10.20.0.0/16",
                "range_name": "ip-range-pods"
              },
              {
                "ip_cidr_range": "10.30.0.0/16",
                "range_name": "ip-range-services"
              }
            ],
            "self_link": "https://www.googleapis.com/compute/v1/projects/thandiwekhalaki/regions/us-central1/subnetworks/gke-subnet-dev",
            "timeouts": null
          },
          "sensitive_attributes": [],
          "private": "eyJlMmJmYjczMC1lY2FhLTExZTYtOGY4OC0zNDM2M2JjN2M0YzAiOnsiY3JlYXRlIjozNjAwMDAwMDAwMDAsImRlbGV0ZSI6MzYwMDAwMDAwMDAwLCJ1cGRhdGUiOjM2MDAwMDAwMDAwMH19",
          "dependencies": [
            "module.gcp-network.module.vpc.google_compute_network.network"
          ]
        }
      ]
    },
    {
      "module": "module.gcp-network.module.vpc",
      "mode": "managed",
      "type": "google_compute_network",
      "name": "network",
      "provider": "provider[\"registry.terraform.io/hashicorp/google\"]",
      "instances": [
        {
          "schema_version": 0,
          "attributes": {
            "auto_create_subnetworks": false,
            "delete_default_routes_on_create": false,
            "description": "",
            "gateway_ipv4": "",
            "id": "projects/thandiwekhalaki/global/networks/gke-network-dev",
            "mtu": 0,
            "name": "gke-network-dev",
            "project": "thandiwekhalaki",
            "routing_mode": "GLOBAL",
            "self_link": "https://www.googleapis.com/compute/v1/projects/thandiwekhalaki/global/networks/gke-network-dev",
            "timeouts": null
          },
          "sensitive_attributes": [],
          "private": "eyJlMmJmYjczMC1lY2FhLTExZTYtOGY4OC0zNDM2M2JjN2M0YzAiOnsiY3JlYXRlIjoyNDAwMDAwMDAwMDAsImRlbGV0ZSI6MjQwMDAwMDAwMDAwLCJ1cGRhdGUiOjI0MDAwMDAwMDAwMH19"
        }
      ]
    },
    {
      "module": "module.gke",
      "mode": "data",
      "type": "google_client_config",
      "name": "default",
      "provider": "provider[\"registry.terraform.io/hashicorp/google\"]",
      "instances": [
        {
          "schema_version": 0,
          "attributes": {
            "access_token": "ya29.c.KqgB-wdsWuvMjkTqwZpYfoMwAcv5QdiK8VeGKz2FOluufwrUc2lYQ2st2Uq0bFEbVMXlVHkaTofLzL1GfGs4Men1flN6Dkjpb4Kcjy2KZT4zKD-f-9Ms9VqjpV-mEl-NmP_h_Ve1Zh8I_jdmPsA0h9VEDyeQdYM6CFxpP--_CaJMKM5y3pLoIAmiiUdWNKOLinxYHe_MgPxuAj_83mODG55a-iluyGFgNd1R",
            "id": "projects/thandiwekhalaki/regions/us-central1/zones/us-central1-a",
            "project": "thandiwekhalaki",
            "region": "us-central1",
            "zone": "us-central1-a"
          },
          "sensitive_attributes": []
        }
      ]
    },
    {
      "module": "module.gke",
      "mode": "data",
      "type": "google_compute_zones",
      "name": "available",
      "provider": "provider[\"registry.terraform.io/hashicorp/google\"]",
      "instances": [
        {
          "schema_version": 0,
          "attributes": {
            "id": "projects/thandiwekhalaki/regions/us-central1",
            "names": [
              "us-central1-a",
              "us-central1-b",
              "us-central1-c",
              "us-central1-f"
            ],
            "project": "thandiwekhalaki",
            "region": "us-central1",
            "status": null
          },
          "sensitive_attributes": []
        }
      ]
    },
    {
      "module": "module.gke",
      "mode": "data",
      "type": "google_container_engine_versions",
      "name": "region",
      "provider": "provider[\"registry.terraform.io/hashicorp/google\"]",
      "instances": [
        {
          "schema_version": 0,
          "attributes": {
            "default_cluster_version": "1.17.17-gke.3000",
            "id": "2021-04-25 11:22:59.979124678 +0000 UTC",
            "latest_master_version": "1.19.8-gke.1600",
            "latest_node_version": "1.19.8-gke.1600",
            "location": "us-central1",
            "project": "thandiwekhalaki",
            "release_channel_default_version": {
              "RAPID": "1.19.9-gke.100",
              "REGULAR": "1.18.16-gke.502",
              "STABLE": "1.17.17-gke.3000"
            },
            "valid_master_versions": [
              "1.19.8-gke.1600",
              "1.18.17-gke.700",
              "1.18.17-gke.100",
              "1.18.16-gke.2100",
              "1.18.16-gke.1201",
              "1.18.16-gke.502",
              "1.18.16-gke.302",
              "1.18.16-gke.300",
              "1.18.15-gke.1502",
              "1.18.15-gke.1501",
              "1.17.17-gke.5400",
              "1.17.17-gke.4900",
              "1.17.17-gke.4400",
              "1.17.17-gke.3700",
              "1.17.17-gke.3000",
              "1.17.17-gke.2800",
              "1.17.17-gke.1500",
              "1.17.17-gke.1101",
              "1.16.15-gke.14800",
              "1.16.15-gke.12500"
            ],
            "valid_node_versions": [
              "1.19.8-gke.1600",
              "1.18.17-gke.700",
              "1.18.17-gke.100",
              "1.18.16-gke.2100",
              "1.18.16-gke.1201",
              "1.18.16-gke.1200",
              "1.18.16-gke.502",
              "1.18.16-gke.500",
              "1.18.16-gke.302",
              "1.18.16-gke.300",
              "1.18.15-gke.2500",
              "1.18.15-gke.1502",
              "1.18.15-gke.1501",
              "1.18.15-gke.1500",
              "1.18.15-gke.1102",
              "1.18.15-gke.1100",
              "1.18.15-gke.800",
              "1.18.14-gke.1600",
              "1.18.14-gke.1200",
              "1.18.12-gke.1210",
              "1.18.12-gke.1206",
              "1.18.12-gke.1205",
              "1.18.12-gke.1201",
              "1.18.12-gke.1200",
              "1.18.12-gke.300",
              "1.18.10-gke.2701",
              "1.18.10-gke.2101",
              "1.18.10-gke.1500",
              "1.18.10-gke.601",
              "1.18.9-gke.2501",
              "1.18.9-gke.1501",
              "1.18.9-gke.801",
              "1.18.6-gke.4801",
              "1.18.6-gke.3504",
              "1.18.6-gke.3503",
              "1.17.17-gke.5400",
              "1.17.17-gke.4900",
              "1.17.17-gke.4400",
              "1.17.17-gke.3700",
              "1.17.17-gke.3000",
              "1.17.17-gke.2800",
              "1.17.17-gke.2500",
              "1.17.17-gke.1500",
              "1.17.17-gke.1101",
              "1.17.17-gke.1100",
              "1.17.17-gke.600",
              "1.17.16-gke.1600",
              "1.17.16-gke.1300",
              "1.17.15-gke.800",
              "1.17.15-gke.300",
              "1.17.14-gke.1600",
              "1.17.14-gke.1200",
              "1.17.14-gke.400",
              "1.17.13-gke.2600",
              "1.17.13-gke.2001",
              "1.17.13-gke.1401",
              "1.17.13-gke.1400",
              "1.17.13-gke.600",
              "1.17.12-gke.2502",
              "1.17.12-gke.1504",
              "1.17.12-gke.1501",
              "1.17.12-gke.500",
              "1.17.9-gke.6300",
              "1.17.9-gke.1504",
              "1.16.15-gke.14800",
              "1.16.15-gke.12500",
              "1.16.15-gke.11800",
              "1.16.15-gke.10600",
              "1.16.15-gke.7801",
              "1.16.15-gke.7800",
              "1.16.15-gke.7300",
              "1.16.15-gke.6900",
              "1.16.15-gke.6000",
              "1.16.15-gke.5500",
              "1.16.15-gke.4901",
              "1.16.15-gke.4301",
              "1.16.15-gke.4300",
              "1.16.15-gke.3500",
              "1.16.15-gke.2601",
              "1.16.15-gke.1600",
              "1.16.15-gke.500",
              "1.16.13-gke.404",
              "1.16.13-gke.403",
              "1.16.13-gke.401",
              "1.16.13-gke.400",
              "1.16.13-gke.1",
              "1.16.11-gke.5",
              "1.16.10-gke.8",
              "1.16.9-gke.6",
              "1.16.9-gke.2",
              "1.16.8-gke.15",
              "1.16.8-gke.12",
              "1.16.8-gke.9",
              "1.15.12-gke.6002",
              "1.15.12-gke.6001",
              "1.15.12-gke.5000",
              "1.15.12-gke.4002",
              "1.15.12-gke.4000",
              "1.15.12-gke.20",
              "1.15.12-gke.17",
              "1.15.12-gke.16",
              "1.15.12-gke.13",
              "1.15.12-gke.9",
              "1.15.12-gke.6",
              "1.15.12-gke.3",
              "1.15.12-gke.2",
              "1.15.11-gke.17",
              "1.15.11-gke.15",
              "1.15.11-gke.13",
              "1.15.11-gke.12",
              "1.15.11-gke.11",
              "1.15.11-gke.9",
              "1.15.11-gke.5",
              "1.15.11-gke.3",
              "1.15.11-gke.1",
              "1.15.9-gke.26",
              "1.15.9-gke.24",
              "1.15.9-gke.22",
              "1.15.9-gke.12",
              "1.15.9-gke.9",
              "1.15.9-gke.8",
              "1.15.8-gke.3",
              "1.15.8-gke.2",
              "1.15.7-gke.23",
              "1.15.7-gke.2",
              "1.15.4-gke.22",
              "1.14.10-gke.1504",
              "1.14.10-gke.902",
              "1.14.10-gke.50",
              "1.14.10-gke.46",
              "1.14.10-gke.45",
              "1.14.10-gke.42",
              "1.14.10-gke.41",
              "1.14.10-gke.40",
              "1.14.10-gke.37",
              "1.14.10-gke.36",
              "1.14.10-gke.34",
              "1.14.10-gke.32",
              "1.14.10-gke.31",
              "1.14.10-gke.27",
              "1.14.10-gke.24",
              "1.14.10-gke.22",
              "1.14.10-gke.21",
              "1.14.10-gke.17",
              "1.14.10-gke.0",
              "1.14.9-gke.23",
              "1.14.9-gke.2",
              "1.14.9-gke.0",
              "1.14.8-gke.33",
              "1.14.8-gke.21",
              "1.14.8-gke.18",
              "1.14.8-gke.17",
              "1.14.8-gke.14",
              "1.14.8-gke.12",
              "1.14.8-gke.7",
              "1.14.8-gke.2",
              "1.14.7-gke.40",
              "1.14.7-gke.25",
              "1.14.7-gke.23",
              "1.14.7-gke.17",
              "1.14.7-gke.14",
              "1.14.7-gke.10",
              "1.14.6-gke.13",
              "1.14.6-gke.2",
              "1.14.6-gke.1",
              "1.14.3-gke.11",
              "1.14.3-gke.10",
              "1.14.3-gke.9",
              "1.14.2-gke.9",
              "1.14.1-gke.5",
              "1.13.12-gke.30",
              "1.13.12-gke.25",
              "1.13.12-gke.17",
              "1.13.12-gke.16",
              "1.13.12-gke.14",
              "1.13.12-gke.13",
              "1.13.12-gke.10",
              "1.13.12-gke.8",
              "1.13.12-gke.4",
              "1.13.12-gke.2",
              "1.13.11-gke.23",
              "1.13.11-gke.15",
              "1.13.11-gke.14",
              "1.13.11-gke.12",
              "1.13.11-gke.11",
              "1.13.11-gke.9",
              "1.13.11-gke.5",
              "1.13.10-gke.7",
              "1.13.10-gke.0",
              "1.13.9-gke.11",
              "1.13.9-gke.3",
              "1.13.7-gke.24",
              "1.13.7-gke.19",
              "1.13.7-gke.15",
              "1.13.7-gke.8",
              "1.13.7-gke.0",
              "1.13.6-gke.13",
              "1.13.6-gke.6",
              "1.13.6-gke.5",
              "1.13.6-gke.0",
              "1.13.5-gke.10",
              "1.12.10-gke.22",
              "1.12.10-gke.20",
              "1.12.10-gke.19",
              "1.12.10-gke.18",
              "1.12.10-gke.17",
              "1.12.10-gke.15",
              "1.12.10-gke.13",
              "1.12.10-gke.11",
              "1.12.10-gke.5",
              "1.12.9-gke.16",
              "1.12.9-gke.15",
              "1.12.9-gke.13",
              "1.12.9-gke.10",
              "1.12.9-gke.7",
              "1.12.9-gke.3",
              "1.12.8-gke.12",
              "1.12.8-gke.10",
              "1.12.8-gke.7",
              "1.12.8-gke.6",
              "1.12.7-gke.26",
              "1.12.7-gke.25",
              "1.12.7-gke.24",
              "1.12.7-gke.22",
              "1.12.7-gke.21",
              "1.12.7-gke.17",
              "1.12.7-gke.10",
              "1.12.7-gke.7",
              "1.12.6-gke.11",
              "1.12.6-gke.10",
              "1.12.6-gke.7",
              "1.12.5-gke.10",
              "1.12.5-gke.5",
              "1.11.10-gke.6",
              "1.11.10-gke.5"
            ],
            "version_prefix": null
          },
          "sensitive_attributes": []
        }
      ]
    },
    {
      "module": "module.gke",
      "mode": "data",
      "type": "google_container_engine_versions",
      "name": "zone",
      "provider": "provider[\"registry.terraform.io/hashicorp/google\"]",
      "instances": [
        {
          "schema_version": 0,
          "attributes": {
            "default_cluster_version": "1.17.17-gke.3000",
            "id": "2021-04-25 11:22:59.00782818 +0000 UTC",
            "latest_master_version": "1.19.8-gke.1600",
            "latest_node_version": "1.19.8-gke.1600",
            "location": "us-central1-a",
            "project": "thandiwekhalaki",
            "release_channel_default_version": {
              "RAPID": "1.19.9-gke.100",
              "REGULAR": "1.18.16-gke.502",
              "STABLE": "1.17.17-gke.3000"
            },
            "valid_master_versions": [
              "1.19.8-gke.1600",
              "1.18.17-gke.700",
              "1.18.17-gke.100",
              "1.18.16-gke.2100",
              "1.18.16-gke.1201",
              "1.18.16-gke.502",
              "1.18.16-gke.302",
              "1.18.16-gke.300",
              "1.18.15-gke.1502",
              "1.18.15-gke.1501",
              "1.17.17-gke.5400",
              "1.17.17-gke.4900",
              "1.17.17-gke.4400",
              "1.17.17-gke.3700",
              "1.17.17-gke.3000",
              "1.17.17-gke.2800",
              "1.17.17-gke.1500",
              "1.17.17-gke.1101",
              "1.16.15-gke.14800",
              "1.16.15-gke.12500"
            ],
            "valid_node_versions": [
              "1.19.8-gke.1600",
              "1.18.17-gke.700",
              "1.18.17-gke.100",
              "1.18.16-gke.2100",
              "1.18.16-gke.1201",
              "1.18.16-gke.1200",
              "1.18.16-gke.502",
              "1.18.16-gke.500",
              "1.18.16-gke.302",
              "1.18.16-gke.300",
              "1.18.15-gke.2500",
              "1.18.15-gke.1502",
              "1.18.15-gke.1501",
              "1.18.15-gke.1500",
              "1.18.15-gke.1102",
              "1.18.15-gke.1100",
              "1.18.15-gke.800",
              "1.18.14-gke.1600",
              "1.18.14-gke.1200",
              "1.18.12-gke.1210",
              "1.18.12-gke.1206",
              "1.18.12-gke.1205",
              "1.18.12-gke.1201",
              "1.18.12-gke.1200",
              "1.18.12-gke.300",
              "1.18.10-gke.2701",
              "1.18.10-gke.2101",
              "1.18.10-gke.1500",
              "1.18.10-gke.601",
              "1.18.9-gke.2501",
              "1.18.9-gke.1501",
              "1.18.9-gke.801",
              "1.18.6-gke.4801",
              "1.18.6-gke.3504",
              "1.18.6-gke.3503",
              "1.17.17-gke.5400",
              "1.17.17-gke.4900",
              "1.17.17-gke.4400",
              "1.17.17-gke.3700",
              "1.17.17-gke.3000",
              "1.17.17-gke.2800",
              "1.17.17-gke.2500",
              "1.17.17-gke.1500",
              "1.17.17-gke.1101",
              "1.17.17-gke.1100",
              "1.17.17-gke.600",
              "1.17.16-gke.1600",
              "1.17.16-gke.1300",
              "1.17.15-gke.800",
              "1.17.15-gke.300",
              "1.17.14-gke.1600",
              "1.17.14-gke.1200",
              "1.17.14-gke.400",
              "1.17.13-gke.2600",
              "1.17.13-gke.2001",
              "1.17.13-gke.1401",
              "1.17.13-gke.1400",
              "1.17.13-gke.600",
              "1.17.12-gke.2502",
              "1.17.12-gke.1504",
              "1.17.12-gke.1501",
              "1.17.12-gke.500",
              "1.17.9-gke.6300",
              "1.17.9-gke.1504",
              "1.16.15-gke.14800",
              "1.16.15-gke.12500",
              "1.16.15-gke.11800",
              "1.16.15-gke.10600",
              "1.16.15-gke.7801",
              "1.16.15-gke.7800",
              "1.16.15-gke.7300",
              "1.16.15-gke.6900",
              "1.16.15-gke.6000",
              "1.16.15-gke.5500",
              "1.16.15-gke.4901",
              "1.16.15-gke.4301",
              "1.16.15-gke.4300",
              "1.16.15-gke.3500",
              "1.16.15-gke.2601",
              "1.16.15-gke.1600",
              "1.16.15-gke.500",
              "1.16.13-gke.404",
              "1.16.13-gke.403",
              "1.16.13-gke.401",
              "1.16.13-gke.400",
              "1.16.13-gke.1",
              "1.16.11-gke.5",
              "1.16.10-gke.8",
              "1.16.9-gke.6",
              "1.16.9-gke.2",
              "1.16.8-gke.15",
              "1.16.8-gke.12",
              "1.16.8-gke.9",
              "1.15.12-gke.6002",
              "1.15.12-gke.6001",
              "1.15.12-gke.5000",
              "1.15.12-gke.4002",
              "1.15.12-gke.4000",
              "1.15.12-gke.20",
              "1.15.12-gke.17",
              "1.15.12-gke.16",
              "1.15.12-gke.13",
              "1.15.12-gke.9",
              "1.15.12-gke.6",
              "1.15.12-gke.3",
              "1.15.12-gke.2",
              "1.15.11-gke.17",
              "1.15.11-gke.15",
              "1.15.11-gke.13",
              "1.15.11-gke.12",
              "1.15.11-gke.11",
              "1.15.11-gke.9",
              "1.15.11-gke.5",
              "1.15.11-gke.3",
              "1.15.11-gke.1",
              "1.15.9-gke.26",
              "1.15.9-gke.24",
              "1.15.9-gke.22",
              "1.15.9-gke.12",
              "1.15.9-gke.9",
              "1.15.9-gke.8",
              "1.15.8-gke.3",
              "1.15.8-gke.2",
              "1.15.7-gke.23",
              "1.15.7-gke.2",
              "1.15.4-gke.22",
              "1.14.10-gke.1504",
              "1.14.10-gke.902",
              "1.14.10-gke.50",
              "1.14.10-gke.46",
              "1.14.10-gke.45",
              "1.14.10-gke.42",
              "1.14.10-gke.41",
              "1.14.10-gke.40",
              "1.14.10-gke.37",
              "1.14.10-gke.36",
              "1.14.10-gke.34",
              "1.14.10-gke.32",
              "1.14.10-gke.31",
              "1.14.10-gke.27",
              "1.14.10-gke.24",
              "1.14.10-gke.22",
              "1.14.10-gke.21",
              "1.14.10-gke.17",
              "1.14.10-gke.0",
              "1.14.9-gke.23",
              "1.14.9-gke.2",
              "1.14.9-gke.0",
              "1.14.8-gke.33",
              "1.14.8-gke.21",
              "1.14.8-gke.18",
              "1.14.8-gke.17",
              "1.14.8-gke.14",
              "1.14.8-gke.12",
              "1.14.8-gke.7",
              "1.14.8-gke.2",
              "1.14.7-gke.40",
              "1.14.7-gke.25",
              "1.14.7-gke.23",
              "1.14.7-gke.17",
              "1.14.7-gke.14",
              "1.14.7-gke.10",
              "1.14.6-gke.13",
              "1.14.6-gke.2",
              "1.14.6-gke.1",
              "1.14.3-gke.11",
              "1.14.3-gke.10",
              "1.14.3-gke.9",
              "1.14.2-gke.9",
              "1.14.1-gke.5",
              "1.13.12-gke.30",
              "1.13.12-gke.25",
              "1.13.12-gke.17",
              "1.13.12-gke.16",
              "1.13.12-gke.14",
              "1.13.12-gke.13",
              "1.13.12-gke.10",
              "1.13.12-gke.8",
              "1.13.12-gke.4",
              "1.13.12-gke.2",
              "1.13.11-gke.23",
              "1.13.11-gke.15",
              "1.13.11-gke.14",
              "1.13.11-gke.12",
              "1.13.11-gke.11",
              "1.13.11-gke.9",
              "1.13.11-gke.5",
              "1.13.10-gke.7",
              "1.13.10-gke.0",
              "1.13.9-gke.11",
              "1.13.9-gke.3",
              "1.13.7-gke.24",
              "1.13.7-gke.19",
              "1.13.7-gke.15",
              "1.13.7-gke.8",
              "1.13.7-gke.0",
              "1.13.6-gke.13",
              "1.13.6-gke.6",
              "1.13.6-gke.5",
              "1.13.6-gke.0",
              "1.13.5-gke.10",
              "1.12.10-gke.22",
              "1.12.10-gke.20",
              "1.12.10-gke.19",
              "1.12.10-gke.18",
              "1.12.10-gke.17",
              "1.12.10-gke.15",
              "1.12.10-gke.13",
              "1.12.10-gke.11",
              "1.12.10-gke.5",
              "1.12.9-gke.16",
              "1.12.9-gke.15",
              "1.12.9-gke.13",
              "1.12.9-gke.10",
              "1.12.9-gke.7",
              "1.12.9-gke.3",
              "1.12.8-gke.12",
              "1.12.8-gke.10",
              "1.12.8-gke.7",
              "1.12.8-gke.6",
              "1.12.7-gke.26",
              "1.12.7-gke.25",
              "1.12.7-gke.24",
              "1.12.7-gke.22",
              "1.12.7-gke.21",
              "1.12.7-gke.17",
              "1.12.7-gke.10",
              "1.12.7-gke.7",
              "1.12.6-gke.11",
              "1.12.6-gke.10",
              "1.12.6-gke.7",
              "1.12.5-gke.10",
              "1.12.5-gke.5",
              "1.11.10-gke.6",
              "1.11.10-gke.5"
            ],
            "version_prefix": null
          },
          "sensitive_attributes": []
        }
      ]
    },
    {
      "module": "module.gke",
      "mode": "managed",
      "type": "google_container_cluster",
      "name": "primary",
      "provider": "provider[\"registry.terraform.io/hashicorp/google\"]",
      "instances": [
        {
          "schema_version": 1,
          "attributes": {
            "addons_config": [
              {
                "cloudrun_config": [],
                "horizontal_pod_autoscaling": [
                  {
                    "disabled": false
                  }
                ],
                "http_load_balancing": [
                  {
                    "disabled": false
                  }
                ],
                "network_policy_config": [
                  {
                    "disabled": true
                  }
                ]
              }
            ],
            "authenticator_groups_config": [],
            "cluster_autoscaling": [
              {
                "auto_provisioning_defaults": [],
                "enabled": false,
                "resource_limits": []
              }
            ],
            "cluster_ipv4_cidr": "10.20.0.0/16",
            "database_encryption": [
              {
                "key_name": "",
                "state": "DECRYPTED"
              }
            ],
            "datapath_provider": "",
            "default_max_pods_per_node": 110,
            "default_snat_status": [
              {
                "disabled": false
              }
            ],
            "description": "",
            "enable_autopilot": false,
            "enable_binary_authorization": false,
            "enable_intranode_visibility": false,
            "enable_kubernetes_alpha": false,
            "enable_legacy_abac": false,
            "enable_shielded_nodes": true,
            "enable_tpu": false,
            "endpoint": "35.193.10.113",
            "id": "projects/thandiwekhalaki/locations/us-central1/clusters/polls-cluster-dev",
            "initial_node_count": 0,
            "instance_group_urls": [
              "https://www.googleapis.com/compute/v1/projects/thandiwekhalaki/zones/us-central1-a/instanceGroups/gke-polls-cluster-dev-default-pool-81aca704-grp",
              "https://www.googleapis.com/compute/v1/projects/thandiwekhalaki/zones/us-central1-b/instanceGroups/gke-polls-cluster-dev-default-pool-51994e6c-grp",
              "https://www.googleapis.com/compute/v1/projects/thandiwekhalaki/zones/us-central1-c/instanceGroups/gke-polls-cluster-dev-default-pool-651f4a72-grp",
              "https://www.googleapis.com/compute/v1/projects/thandiwekhalaki/zones/us-central1-a/instanceGroups/gke-polls-cluster-dev-node-pool-c002175a-grp",
              "https://www.googleapis.com/compute/v1/projects/thandiwekhalaki/zones/us-central1-b/instanceGroups/gke-polls-cluster-dev-node-pool-acd2300f-grp",
              "https://www.googleapis.com/compute/v1/projects/thandiwekhalaki/zones/us-central1-c/instanceGroups/gke-polls-cluster-dev-node-pool-b6b92989-grp"
            ],
            "ip_allocation_policy": [
              {
                "cluster_ipv4_cidr_block": "10.20.0.0/16",
                "cluster_secondary_range_name": "ip-range-pods",
                "services_ipv4_cidr_block": "10.30.0.0/16",
                "services_secondary_range_name": "ip-range-services"
              }
            ],
            "label_fingerprint": "a9dc16a7",
            "location": "us-central1",
            "logging_service": "logging.googleapis.com/kubernetes",
            "maintenance_policy": [
              {
                "daily_maintenance_window": [
                  {
                    "duration": "PT4H0M0S",
                    "start_time": "05:00"
                  }
                ],
                "maintenance_exclusion": [],
                "recurring_window": []
              }
            ],
            "master_auth": [
              {
                "client_certificate": "",
                "client_certificate_config": [
                  {
                    "issue_client_certificate": false
                  }
                ],
                "client_key": "",
                "cluster_ca_certificate": "LS0tLS1CRUdJTiBDRVJUSUZJQ0FURS0tLS0tCk1JSURLakNDQWhLZ0F3SUJBZ0lRR2t1S0NDK1hSK2RJeXhtQW1sVmo1VEFOQmdrcWhraUc5dzBCQVFzRkFEQXYKTVMwd0t3WURWUVFERXlSbU5XTXpPR1ExWlMwMk1qaGlMVFE0T0dRdFlXSTJNaTFrTkdGaU5tUTNZV1l4WWpRdwpIaGNOTWpFd05ESTFNRGsxTWpJeFdoY05Nall3TkRJME1UQTFNakl4V2pBdk1TMHdLd1lEVlFRREV5Um1OV016Ck9HUTFaUzAyTWpoaUxUUTRPR1F0WVdJMk1pMWtOR0ZpTm1RM1lXWXhZalF3Z2dFaU1BMEdDU3FHU0liM0RRRUIKQVFVQUE0SUJEd0F3Z2dFS0FvSUJBUUNrKzc0K0FzQWlZMWV5VkRycHllODU2WllFWlloUENEV0RSWDhBb1MwYwo5c3VBUlZ3TzVlY3BLaEt1M1hBU3NXaXJQN0NhU3lzVEQ3cXBDY1pFVmxqZlZWbjZDMFdVbis1MWlOMEtxNSs3CkNiOUpiWjFqTCtJU2F5S2lSbHkzWXA2NnBja21CQ1N5ZU1IN0lJcVVzMGJIVDhvM0syU2J0MzZWRlEzKzdtUVcKRGZySzVHZ0JEM2psaXU1c01iOVgyY3hVY3NYWlUzeGQxSmVyejlkTXF0V2pmRk9hdURpUEZTR0Jza1pINUtMZQpDV3pRVTlwVXIwMUExbnhuNU1MeGcwWGNOSmZ3Ty9IY2FteDh6L1pCUFR6NUliWkdvVUhkQXR4SUF3OWo0Ri8xClhTbTFnNE44U09FS2I1c3FXSzJkU1pqMDVJakdVZ3ZTNGcrNmc1V2I4T2tkQWdNQkFBR2pRakJBTUE0R0ExVWQKRHdFQi93UUVBd0lDQkRBUEJnTlZIUk1CQWY4RUJUQURBUUgvTUIwR0ExVWREZ1FXQkJUU0ZmandIbkhiVUhEQgpRT0dXNFg3WHZJUWdtekFOQmdrcWhraUc5dzBCQVFzRkFBT0NBUUVBb0M4MUJ3S1FZbmhBMDJuWEV1YmNjb09KCmdyZ3lTZENLRjlmYS9vTnpNTUNDVU1HRS81SGIvZEpLWlFoZ3pOcDkzOHpnRVVlaVpwUDBhZmRNMGYxcE9hcXQKOUF0bjNraEp5SE9naWEvWTNOUlJLUTI3dkxrajhQRlFyb2tER1ZOZmxTQmxZKy8zaUVhOFBxVWNrekF6Z3grVgpwSHoraUZUbXQ2eWxyeHlMQVJMd2QwRWhnMjFXNW9xMmVqdFE3WlY2ajN1djRtVmU1bjkxWVE5b0Q3azZwL1RvClBSKytUUEZvclN3N3ZEMUMvQ2VBNHVpNEE0dDY0UU9TOWo3dVlCbm5yOHRwZzl2bHpCblpRTklNaUpOOU5JdFYKdWl6Z0UyOW1CZkt5bzdEblIxa21TeTA1aFdmSG1uSjlPd2JERjl1c3BJWFNWM3o0bVFabXpUOThrVUVMblE9PQotLS0tLUVORCBDRVJUSUZJQ0FURS0tLS0tCg==",
                "password": "",
                "username": ""
              }
            ],
            "master_authorized_networks_config": [],
            "master_version": "1.19.8-gke.1600",
            "min_master_version": "1.19.8-gke.1600",
            "monitoring_service": "monitoring.googleapis.com/kubernetes",
            "name": "polls-cluster-dev",
            "network": "projects/thandiwekhalaki/global/networks/gke-network-dev",
            "network_policy": [
              {
                "enabled": false,
                "provider": "PROVIDER_UNSPECIFIED"
              }
            ],
            "networking_mode": "VPC_NATIVE",
            "node_config": [
              {
                "disk_size_gb": 100,
                "disk_type": "pd-standard",
                "guest_accelerator": [],
                "image_type": "COS_CONTAINERD",
                "labels": {},
                "local_ssd_count": 0,
                "machine_type": "e2-medium",
                "metadata": {
                  "disable-legacy-endpoints": "true"
                },
                "min_cpu_platform": "",
                "oauth_scopes": [
                  "https://www.googleapis.com/auth/logging.write",
                  "https://www.googleapis.com/auth/monitoring"
                ],
                "preemptible": false,
                "service_account": "tf-gke-polls-cluster-d-7b31@thandiwekhalaki.iam.gserviceaccount.com",
                "shielded_instance_config": [
                  {
                    "enable_integrity_monitoring": true,
                    "enable_secure_boot": false
                  }
                ],
                "tags": [],
                "taint": [],
                "workload_metadata_config": [
                  {
                    "node_metadata": "GKE_METADATA_SERVER"
                  }
                ]
              }
            ],
            "node_locations": [
              "us-central1-a",
              "us-central1-b",
              "us-central1-c"
            ],
            "node_pool": [
              {
                "autoscaling": [],
                "initial_node_count": 0,
                "instance_group_urls": [
                  "https://www.googleapis.com/compute/v1/projects/thandiwekhalaki/zones/us-central1-a/instanceGroupManagers/gke-polls-cluster-dev-default-pool-81aca704-grp",
                  "https://www.googleapis.com/compute/v1/projects/thandiwekhalaki/zones/us-central1-b/instanceGroupManagers/gke-polls-cluster-dev-default-pool-51994e6c-grp",
                  "https://www.googleapis.com/compute/v1/projects/thandiwekhalaki/zones/us-central1-c/instanceGroupManagers/gke-polls-cluster-dev-default-pool-651f4a72-grp"
                ],
                "management": [
                  {
                    "auto_repair": true,
                    "auto_upgrade": true
                  }
                ],
                "max_pods_per_node": 110,
                "name": "default-pool",
                "name_prefix": "",
                "node_config": [
                  {
                    "disk_size_gb": 100,
                    "disk_type": "pd-standard",
                    "guest_accelerator": [],
                    "image_type": "COS_CONTAINERD",
                    "labels": {},
                    "local_ssd_count": 0,
                    "machine_type": "e2-medium",
                    "metadata": {
                      "disable-legacy-endpoints": "true"
                    },
                    "min_cpu_platform": "",
                    "oauth_scopes": [
                      "https://www.googleapis.com/auth/logging.write",
                      "https://www.googleapis.com/auth/monitoring"
                    ],
                    "preemptible": false,
                    "service_account": "tf-gke-polls-cluster-d-7b31@thandiwekhalaki.iam.gserviceaccount.com",
                    "shielded_instance_config": [
                      {
                        "enable_integrity_monitoring": true,
                        "enable_secure_boot": false
                      }
                    ],
                    "tags": [],
                    "taint": [],
                    "workload_metadata_config": [
                      {
                        "node_metadata": "GKE_METADATA_SERVER"
                      }
                    ]
                  }
                ],
                "node_count": 0,
                "node_locations": [
                  "us-central1-a",
                  "us-central1-b",
                  "us-central1-c"
                ],
                "upgrade_settings": [
                  {
                    "max_surge": 1,
                    "max_unavailable": 0
                  }
                ],
                "version": "1.19.8-gke.1600"
              },
              {
                "autoscaling": [
                  {
                    "max_node_count": 2,
                    "min_node_count": 1
                  }
                ],
                "initial_node_count": 1,
                "instance_group_urls": [
                  "https://www.googleapis.com/compute/v1/projects/thandiwekhalaki/zones/us-central1-a/instanceGroupManagers/gke-polls-cluster-dev-node-pool-c002175a-grp",
                  "https://www.googleapis.com/compute/v1/projects/thandiwekhalaki/zones/us-central1-b/instanceGroupManagers/gke-polls-cluster-dev-node-pool-acd2300f-grp",
                  "https://www.googleapis.com/compute/v1/projects/thandiwekhalaki/zones/us-central1-c/instanceGroupManagers/gke-polls-cluster-dev-node-pool-b6b92989-grp"
                ],
                "management": [
                  {
                    "auto_repair": true,
                    "auto_upgrade": true
                  }
                ],
                "max_pods_per_node": 110,
                "name": "node-pool",
                "name_prefix": "",
                "node_config": [
                  {
                    "disk_size_gb": 30,
                    "disk_type": "pd-standard",
                    "guest_accelerator": [],
                    "image_type": "COS",
                    "labels": {
                      "cluster_name": "polls-cluster-dev",
                      "node_pool": "node-pool"
                    },
                    "local_ssd_count": 0,
                    "machine_type": "e2-medium",
                    "metadata": {
                      "cluster_name": "polls-cluster-dev",
                      "disable-legacy-endpoints": "true",
                      "node_pool": "node-pool"
                    },
                    "min_cpu_platform": "",
                    "oauth_scopes": [
                      "https://www.googleapis.com/auth/cloud-platform"
                    ],
                    "preemptible": false,
                    "service_account": "tf-gke-polls-cluster-d-7b31@thandiwekhalaki.iam.gserviceaccount.com",
                    "shielded_instance_config": [
                      {
                        "enable_integrity_monitoring": true,
                        "enable_secure_boot": false
                      }
                    ],
                    "tags": [
                      "gke-polls-cluster-dev",
                      "gke-polls-cluster-dev-node-pool"
                    ],
                    "taint": [],
                    "workload_metadata_config": [
                      {
                        "node_metadata": "GKE_METADATA_SERVER"
                      }
                    ]
                  }
                ],
                "node_count": 1,
                "node_locations": [
                  "us-central1-a",
                  "us-central1-b",
                  "us-central1-c"
                ],
                "upgrade_settings": [
                  {
                    "max_surge": 1,
                    "max_unavailable": 0
                  }
                ],
                "version": "1.19.8-gke.1600"
              }
            ],
            "node_version": "1.19.8-gke.1600",
            "operation": null,
            "pod_security_policy_config": [],
            "private_cluster_config": [],
            "private_ipv6_google_access": "",
            "project": "thandiwekhalaki",
            "release_channel": [
              {
                "channel": "UNSPECIFIED"
              }
            ],
            "remove_default_node_pool": false,
            "resource_labels": {},
            "resource_usage_export_config": [],
            "self_link": "https://container.googleapis.com/v1beta1/projects/thandiwekhalaki/locations/us-central1/clusters/polls-cluster-dev",
            "services_ipv4_cidr": "10.30.0.0/16",
            "subnetwork": "projects/thandiwekhalaki/regions/us-central1/subnetworks/gke-subnet-dev",
            "timeouts": {
              "create": "45m",
              "delete": "45m",
              "read": null,
              "update": "45m"
            },
            "tpu_ipv4_cidr_block": "",
            "vertical_pod_autoscaling": [
              {
                "enabled": false
              }
            ],
            "workload_identity_config": [
              {
                "identity_namespace": "thandiwekhalaki.svc.id.goog"
              }
            ]
          },
          "sensitive_attributes": [],
          "private": "eyJlMmJmYjczMC1lY2FhLTExZTYtOGY4OC0zNDM2M2JjN2M0YzAiOnsiY3JlYXRlIjoyNzAwMDAwMDAwMDAwLCJkZWxldGUiOjI3MDAwMDAwMDAwMDAsInJlYWQiOjI0MDAwMDAwMDAwMDAsInVwZGF0ZSI6MjcwMDAwMDAwMDAwMH0sInNjaGVtYV92ZXJzaW9uIjoiMSJ9",
          "dependencies": [
            "module.gcp-network.module.vpc.google_compute_network.network",
            "module.gke.data.google_compute_zones.available",
            "module.gke.data.google_container_engine_versions.region",
            "module.gke.data.google_container_engine_versions.zone",
            "module.gke.google_service_account.cluster_service_account",
            "module.gke.random_shuffle.available_zones",
            "module.gke.random_string.cluster_service_account_suffix",
            "module.gcp-network.module.subnets.google_compute_subnetwork.subnetwork"
          ]
        }
      ]
    },
    {
      "module": "module.gke",
      "mode": "managed",
      "type": "google_container_node_pool",
      "name": "pools",
      "provider": "provider[\"registry.terraform.io/hashicorp/google\"]",
      "instances": [
        {
          "index_key": "node-pool",
          "schema_version": 1,
          "attributes": {
            "autoscaling": [
              {
                "max_node_count": 2,
                "min_node_count": 1
              }
            ],
            "cluster": "polls-cluster-dev",
            "id": "projects/thandiwekhalaki/locations/us-central1/clusters/polls-cluster-dev/nodePools/node-pool",
            "initial_node_count": 1,
            "instance_group_urls": [
              "https://www.googleapis.com/compute/v1/projects/thandiwekhalaki/zones/us-central1-a/instanceGroupManagers/gke-polls-cluster-dev-node-pool-c002175a-grp",
              "https://www.googleapis.com/compute/v1/projects/thandiwekhalaki/zones/us-central1-b/instanceGroupManagers/gke-polls-cluster-dev-node-pool-acd2300f-grp",
              "https://www.googleapis.com/compute/v1/projects/thandiwekhalaki/zones/us-central1-c/instanceGroupManagers/gke-polls-cluster-dev-node-pool-b6b92989-grp"
            ],
            "location": "us-central1",
            "management": [
              {
                "auto_repair": true,
                "auto_upgrade": true
              }
            ],
            "max_pods_per_node": 110,
            "name": "node-pool",
            "name_prefix": "",
            "node_config": [
              {
                "disk_size_gb": 30,
                "disk_type": "pd-standard",
                "guest_accelerator": [],
                "image_type": "COS",
                "labels": {
                  "cluster_name": "polls-cluster-dev",
                  "node_pool": "node-pool"
                },
                "local_ssd_count": 0,
                "machine_type": "e2-medium",
                "metadata": {
                  "cluster_name": "polls-cluster-dev",
                  "disable-legacy-endpoints": "true",
                  "node_pool": "node-pool"
                },
                "min_cpu_platform": "",
                "oauth_scopes": [
                  "https://www.googleapis.com/auth/cloud-platform"
                ],
                "preemptible": false,
                "service_account": "tf-gke-polls-cluster-d-7b31@thandiwekhalaki.iam.gserviceaccount.com",
                "shielded_instance_config": [
                  {
                    "enable_integrity_monitoring": true,
                    "enable_secure_boot": false
                  }
                ],
                "tags": [
                  "gke-polls-cluster-dev",
                  "gke-polls-cluster-dev-node-pool"
                ],
                "taint": [],
                "workload_metadata_config": [
                  {
                    "node_metadata": "GKE_METADATA_SERVER"
                  }
                ]
              }
            ],
            "node_count": 1,
            "node_locations": [
              "us-central1-a",
              "us-central1-b",
              "us-central1-c"
            ],
            "operation": null,
            "project": "thandiwekhalaki",
            "timeouts": {
              "create": "45m",
              "delete": "45m",
              "update": "45m"
            },
            "upgrade_settings": [
              {
                "max_surge": 1,
                "max_unavailable": 0
              }
            ],
            "version": "1.19.8-gke.1600"
          },
          "sensitive_attributes": [],
          "private": "eyJlMmJmYjczMC1lY2FhLTExZTYtOGY4OC0zNDM2M2JjN2M0YzAiOnsiY3JlYXRlIjoyNzAwMDAwMDAwMDAwLCJkZWxldGUiOjI3MDAwMDAwMDAwMDAsInVwZGF0ZSI6MjcwMDAwMDAwMDAwMH0sInNjaGVtYV92ZXJzaW9uIjoiMSJ9",
          "dependencies": [
            "module.gke.random_string.cluster_service_account_suffix",
            "module.gke.random_shuffle.available_zones",
            "module.gcp-network.module.vpc.google_compute_network.network",
            "module.gke.data.google_compute_zones.available",
            "module.gke.data.google_container_engine_versions.region",
            "module.gke.data.google_container_engine_versions.zone",
            "module.gke.google_container_cluster.primary",
            "module.gke.google_service_account.cluster_service_account",
            "module.gcp-network.module.subnets.google_compute_subnetwork.subnetwork"
          ]
        }
      ]
    },
    {
      "module": "module.gke",
      "mode": "managed",
      "type": "google_project_iam_member",
      "name": "cluster_service_account-log_writer",
      "provider": "provider[\"registry.terraform.io/hashicorp/google\"]",
      "instances": [
        {
          "index_key": 0,
          "schema_version": 0,
          "attributes": {
            "condition": [],
            "etag": "BwXAydRhcGU=",
            "id": "thandiwekhalaki/roles/logging.logWriter/serviceAccount:tf-gke-polls-cluster-d-7b31@thandiwekhalaki.iam.gserviceaccount.com",
            "member": "serviceAccount:tf-gke-polls-cluster-d-7b31@thandiwekhalaki.iam.gserviceaccount.com",
            "project": "thandiwekhalaki",
            "role": "roles/logging.logWriter"
          },
          "sensitive_attributes": [],
          "private": "bnVsbA==",
          "dependencies": [
            "module.gke.google_service_account.cluster_service_account",
            "module.gke.random_string.cluster_service_account_suffix"
          ]
        }
      ]
    },
    {
      "module": "module.gke",
      "mode": "managed",
      "type": "google_project_iam_member",
      "name": "cluster_service_account-metric_writer",
      "provider": "provider[\"registry.terraform.io/hashicorp/google\"]",
      "instances": [
        {
          "index_key": 0,
          "schema_version": 0,
          "attributes": {
            "condition": [],
            "etag": "BwXAydRhcGU=",
            "id": "thandiwekhalaki/roles/monitoring.metricWriter/serviceAccount:tf-gke-polls-cluster-d-7b31@thandiwekhalaki.iam.gserviceaccount.com",
            "member": "serviceAccount:tf-gke-polls-cluster-d-7b31@thandiwekhalaki.iam.gserviceaccount.com",
            "project": "thandiwekhalaki",
            "role": "roles/monitoring.metricWriter"
          },
          "sensitive_attributes": [],
          "private": "bnVsbA==",
          "dependencies": [
            "module.gke.google_project_iam_member.cluster_service_account-log_writer",
            "module.gke.google_service_account.cluster_service_account",
            "module.gke.random_string.cluster_service_account_suffix"
          ]
        }
      ]
    },
    {
      "module": "module.gke",
      "mode": "managed",
      "type": "google_project_iam_member",
      "name": "cluster_service_account-monitoring_viewer",
      "provider": "provider[\"registry.terraform.io/hashicorp/google\"]",
      "instances": [
        {
          "index_key": 0,
          "schema_version": 0,
          "attributes": {
            "condition": [],
            "etag": "BwXAydRhcGU=",
            "id": "thandiwekhalaki/roles/monitoring.viewer/serviceAccount:tf-gke-polls-cluster-d-7b31@thandiwekhalaki.iam.gserviceaccount.com",
            "member": "serviceAccount:tf-gke-polls-cluster-d-7b31@thandiwekhalaki.iam.gserviceaccount.com",
            "project": "thandiwekhalaki",
            "role": "roles/monitoring.viewer"
          },
          "sensitive_attributes": [],
          "private": "bnVsbA==",
          "dependencies": [
            "module.gke.google_project_iam_member.cluster_service_account-log_writer",
            "module.gke.google_project_iam_member.cluster_service_account-metric_writer",
            "module.gke.google_service_account.cluster_service_account",
            "module.gke.random_string.cluster_service_account_suffix"
          ]
        }
      ]
    },
    {
      "module": "module.gke",
      "mode": "managed",
      "type": "google_project_iam_member",
      "name": "cluster_service_account-resourceMetadata-writer",
      "provider": "provider[\"registry.terraform.io/hashicorp/google\"]",
      "instances": [
        {
          "index_key": 0,
          "schema_version": 0,
          "attributes": {
            "condition": [],
            "etag": "BwXAydRhcGU=",
            "id": "thandiwekhalaki/roles/stackdriver.resourceMetadata.writer/serviceAccount:tf-gke-polls-cluster-d-7b31@thandiwekhalaki.iam.gserviceaccount.com",
            "member": "serviceAccount:tf-gke-polls-cluster-d-7b31@thandiwekhalaki.iam.gserviceaccount.com",
            "project": "thandiwekhalaki",
            "role": "roles/stackdriver.resourceMetadata.writer"
          },
          "sensitive_attributes": [],
          "private": "bnVsbA==",
          "dependencies": [
            "module.gke.google_project_iam_member.cluster_service_account-log_writer",
            "module.gke.google_project_iam_member.cluster_service_account-metric_writer",
            "module.gke.google_project_iam_member.cluster_service_account-monitoring_viewer",
            "module.gke.google_service_account.cluster_service_account",
            "module.gke.random_string.cluster_service_account_suffix"
          ]
        }
      ]
    },
    {
      "module": "module.gke",
      "mode": "managed",
      "type": "google_service_account",
      "name": "cluster_service_account",
      "provider": "provider[\"registry.terraform.io/hashicorp/google\"]",
      "instances": [
        {
          "index_key": 0,
          "schema_version": 0,
          "attributes": {
            "account_id": "tf-gke-polls-cluster-d-7b31",
            "description": "",
            "display_name": "Terraform-managed service account for cluster polls-cluster-dev",
            "email": "tf-gke-polls-cluster-d-7b31@thandiwekhalaki.iam.gserviceaccount.com",
            "id": "projects/thandiwekhalaki/serviceAccounts/tf-gke-polls-cluster-d-7b31@thandiwekhalaki.iam.gserviceaccount.com",
            "name": "projects/thandiwekhalaki/serviceAccounts/tf-gke-polls-cluster-d-7b31@thandiwekhalaki.iam.gserviceaccount.com",
            "project": "thandiwekhalaki",
            "timeouts": null,
            "unique_id": "104113136546191621939"
          },
          "sensitive_attributes": [],
          "private": "eyJlMmJmYjczMC1lY2FhLTExZTYtOGY4OC0zNDM2M2JjN2M0YzAiOnsiY3JlYXRlIjozMDAwMDAwMDAwMDB9fQ==",
          "dependencies": [
            "module.gke.random_string.cluster_service_account_suffix"
          ]
        }
      ]
    },
    {
      "module": "module.gke",
      "mode": "managed",
      "type": "random_shuffle",
      "name": "available_zones",
      "provider": "provider[\"registry.terraform.io/hashicorp/random\"]",
      "instances": [
        {
          "schema_version": 0,
          "attributes": {
            "id": "-",
            "input": [
              "us-central1-a",
              "us-central1-b",
              "us-central1-c",
              "us-central1-f"
            ],
            "keepers": null,
            "result": [
              "us-central1-a",
              "us-central1-b",
              "us-central1-c"
            ],
            "result_count": 3,
            "seed": null
          },
          "sensitive_attributes": [],
          "private": "bnVsbA==",
          "dependencies": [
            "module.gke.data.google_compute_zones.available"
          ]
        }
      ]
    },
    {
      "module": "module.gke",
      "mode": "managed",
      "type": "random_string",
      "name": "cluster_service_account_suffix",
      "provider": "provider[\"registry.terraform.io/hashicorp/random\"]",
      "instances": [
        {
          "schema_version": 1,
          "attributes": {
            "id": "7b31",
            "keepers": null,
            "length": 4,
            "lower": true,
            "min_lower": 0,
            "min_numeric": 0,
            "min_special": 0,
            "min_upper": 0,
            "number": true,
            "override_special": null,
            "result": "7b31",
            "special": false,
            "upper": false
          },
          "sensitive_attributes": [],
          "private": "eyJzY2hlbWFfdmVyc2lvbiI6IjEifQ=="
        }
      ]
    },
    {
      "module": "module.gke.module.gcloud_delete_default_kube_dns_configmap.module.gcloud_kubectl",
      "mode": "managed",
      "type": "null_resource",
      "name": "module_depends_on",
      "provider": "provider[\"registry.terraform.io/hashicorp/null\"]",
      "instances": [
        {
          "index_key": 0,
          "schema_version": 0,
          "attributes": {
            "id": "5490410729563897997",
            "triggers": {
              "value": "3"
            }
          },
          "sensitive_attributes": [
            [
              {
                "type": "get_attr",
                "value": "triggers"
              },
              {
                "type": "index",
                "value": {
                  "value": "value",
                  "type": "string"
                }
              }
            ]
          ],
          "private": "bnVsbA==",
          "dependencies": [
            "module.gke.google_service_account.cluster_service_account",
            "module.gke.random_shuffle.available_zones",
            "module.gcp-network.module.subnets.google_compute_subnetwork.subnetwork",
            "module.gcp-network.module.vpc.google_compute_network.network",
            "module.gke.google_container_cluster.primary",
            "module.gke.google_container_node_pool.pools",
            "module.gke.random_string.cluster_service_account_suffix",
            "module.gke.data.google_client_config.default",
            "module.gke.data.google_compute_zones.available",
            "module.gke.data.google_container_engine_versions.region",
            "module.gke.data.google_container_engine_versions.zone"
          ]
        }
      ]
    },
    {
      "module": "module.gke_auth",
      "mode": "data",
      "type": "google_client_config",
      "name": "provider",
      "provider": "provider[\"registry.terraform.io/hashicorp/google\"]",
      "instances": [
        {
          "schema_version": 0,
          "attributes": {
            "access_token": "ya29.c.KqgB-wdsWuvMjkTqwZpYfoMwAcv5QdiK8VeGKz2FOluufwrUc2lYQ2st2Uq0bFEbVMXlVHkaTofLzL1GfGs4Men1flN6Dkjpb4Kcjy2KZT4zKD-f-9Ms9VqjpV-mEl-NmP_h_Ve1Zh8I_jdmPsA0h9VEDyeQdYM6CFxpP--_CaJMKM5y3pLoIAmiiUdWNKOLinxYHe_MgPxuAj_83mODG55a-iluyGFgNd1R",
            "id": "projects/thandiwekhalaki/regions/us-central1/zones/us-central1-a",
            "project": "thandiwekhalaki",
            "region": "us-central1",
            "zone": "us-central1-a"
          },
          "sensitive_attributes": []
        }
      ]
    },
    {
      "module": "module.gke_auth",
      "mode": "data",
      "type": "google_container_cluster",
      "name": "gke_cluster",
      "provider": "provider[\"registry.terraform.io/hashicorp/google\"]",
      "instances": [
        {
          "schema_version": 0,
          "attributes": {
            "addons_config": [
              {
                "cloudrun_config": [],
                "horizontal_pod_autoscaling": [
                  {
                    "disabled": false
                  }
                ],
                "http_load_balancing": [
                  {
                    "disabled": false
                  }
                ],
                "network_policy_config": [
                  {
                    "disabled": true
                  }
                ]
              }
            ],
            "authenticator_groups_config": [],
            "cluster_autoscaling": [
              {
                "auto_provisioning_defaults": [],
                "enabled": false,
                "resource_limits": []
              }
            ],
            "cluster_ipv4_cidr": "10.20.0.0/16",
            "database_encryption": [
              {
                "key_name": "",
                "state": "DECRYPTED"
              }
            ],
            "datapath_provider": "",
            "default_max_pods_per_node": 110,
            "default_snat_status": [
              {
                "disabled": false
              }
            ],
            "description": "",
            "enable_autopilot": false,
            "enable_binary_authorization": false,
            "enable_intranode_visibility": false,
            "enable_kubernetes_alpha": false,
            "enable_legacy_abac": false,
            "enable_shielded_nodes": true,
            "enable_tpu": false,
            "endpoint": "35.193.10.113",
            "id": "projects/thandiwekhalaki/locations/us-central1/clusters/polls-cluster-dev",
            "initial_node_count": 0,
            "instance_group_urls": [
              "https://www.googleapis.com/compute/v1/projects/thandiwekhalaki/zones/us-central1-a/instanceGroups/gke-polls-cluster-dev-default-pool-81aca704-grp",
              "https://www.googleapis.com/compute/v1/projects/thandiwekhalaki/zones/us-central1-b/instanceGroups/gke-polls-cluster-dev-default-pool-51994e6c-grp",
              "https://www.googleapis.com/compute/v1/projects/thandiwekhalaki/zones/us-central1-c/instanceGroups/gke-polls-cluster-dev-default-pool-651f4a72-grp",
              "https://www.googleapis.com/compute/v1/projects/thandiwekhalaki/zones/us-central1-a/instanceGroups/gke-polls-cluster-dev-node-pool-c002175a-grp",
              "https://www.googleapis.com/compute/v1/projects/thandiwekhalaki/zones/us-central1-b/instanceGroups/gke-polls-cluster-dev-node-pool-acd2300f-grp",
              "https://www.googleapis.com/compute/v1/projects/thandiwekhalaki/zones/us-central1-c/instanceGroups/gke-polls-cluster-dev-node-pool-b6b92989-grp"
            ],
            "ip_allocation_policy": [
              {
                "cluster_ipv4_cidr_block": "10.20.0.0/16",
                "cluster_secondary_range_name": "ip-range-pods",
                "services_ipv4_cidr_block": "10.30.0.0/16",
                "services_secondary_range_name": "ip-range-services"
              }
            ],
            "label_fingerprint": "a9dc16a7",
            "location": "us-central1",
            "logging_service": "logging.googleapis.com/kubernetes",
            "maintenance_policy": [
              {
                "daily_maintenance_window": [
                  {
                    "duration": "PT4H0M0S",
                    "start_time": "05:00"
                  }
                ],
                "maintenance_exclusion": [],
                "recurring_window": []
              }
            ],
            "master_auth": [
              {
                "client_certificate": "",
                "client_certificate_config": [
                  {
                    "issue_client_certificate": false
                  }
                ],
                "client_key": "",
                "cluster_ca_certificate": "LS0tLS1CRUdJTiBDRVJUSUZJQ0FURS0tLS0tCk1JSURLakNDQWhLZ0F3SUJBZ0lRR2t1S0NDK1hSK2RJeXhtQW1sVmo1VEFOQmdrcWhraUc5dzBCQVFzRkFEQXYKTVMwd0t3WURWUVFERXlSbU5XTXpPR1ExWlMwMk1qaGlMVFE0T0dRdFlXSTJNaTFrTkdGaU5tUTNZV1l4WWpRdwpIaGNOTWpFd05ESTFNRGsxTWpJeFdoY05Nall3TkRJME1UQTFNakl4V2pBdk1TMHdLd1lEVlFRREV5Um1OV016Ck9HUTFaUzAyTWpoaUxUUTRPR1F0WVdJMk1pMWtOR0ZpTm1RM1lXWXhZalF3Z2dFaU1BMEdDU3FHU0liM0RRRUIKQVFVQUE0SUJEd0F3Z2dFS0FvSUJBUUNrKzc0K0FzQWlZMWV5VkRycHllODU2WllFWlloUENEV0RSWDhBb1MwYwo5c3VBUlZ3TzVlY3BLaEt1M1hBU3NXaXJQN0NhU3lzVEQ3cXBDY1pFVmxqZlZWbjZDMFdVbis1MWlOMEtxNSs3CkNiOUpiWjFqTCtJU2F5S2lSbHkzWXA2NnBja21CQ1N5ZU1IN0lJcVVzMGJIVDhvM0syU2J0MzZWRlEzKzdtUVcKRGZySzVHZ0JEM2psaXU1c01iOVgyY3hVY3NYWlUzeGQxSmVyejlkTXF0V2pmRk9hdURpUEZTR0Jza1pINUtMZQpDV3pRVTlwVXIwMUExbnhuNU1MeGcwWGNOSmZ3Ty9IY2FteDh6L1pCUFR6NUliWkdvVUhkQXR4SUF3OWo0Ri8xClhTbTFnNE44U09FS2I1c3FXSzJkU1pqMDVJakdVZ3ZTNGcrNmc1V2I4T2tkQWdNQkFBR2pRakJBTUE0R0ExVWQKRHdFQi93UUVBd0lDQkRBUEJnTlZIUk1CQWY4RUJUQURBUUgvTUIwR0ExVWREZ1FXQkJUU0ZmandIbkhiVUhEQgpRT0dXNFg3WHZJUWdtekFOQmdrcWhraUc5dzBCQVFzRkFBT0NBUUVBb0M4MUJ3S1FZbmhBMDJuWEV1YmNjb09KCmdyZ3lTZENLRjlmYS9vTnpNTUNDVU1HRS81SGIvZEpLWlFoZ3pOcDkzOHpnRVVlaVpwUDBhZmRNMGYxcE9hcXQKOUF0bjNraEp5SE9naWEvWTNOUlJLUTI3dkxrajhQRlFyb2tER1ZOZmxTQmxZKy8zaUVhOFBxVWNrekF6Z3grVgpwSHoraUZUbXQ2eWxyeHlMQVJMd2QwRWhnMjFXNW9xMmVqdFE3WlY2ajN1djRtVmU1bjkxWVE5b0Q3azZwL1RvClBSKytUUEZvclN3N3ZEMUMvQ2VBNHVpNEE0dDY0UU9TOWo3dVlCbm5yOHRwZzl2bHpCblpRTklNaUpOOU5JdFYKdWl6Z0UyOW1CZkt5bzdEblIxa21TeTA1aFdmSG1uSjlPd2JERjl1c3BJWFNWM3o0bVFabXpUOThrVUVMblE9PQotLS0tLUVORCBDRVJUSUZJQ0FURS0tLS0tCg==",
                "password": "",
                "username": ""
              }
            ],
            "master_authorized_networks_config": [],
            "master_version": "1.19.8-gke.1600",
            "min_master_version": null,
            "monitoring_service": "monitoring.googleapis.com/kubernetes",
            "name": "polls-cluster-dev",
            "network": "projects/thandiwekhalaki/global/networks/gke-network-dev",
            "network_policy": [
              {
                "enabled": false,
                "provider": "PROVIDER_UNSPECIFIED"
              }
            ],
            "networking_mode": "VPC_NATIVE",
            "node_config": [
              {
                "disk_size_gb": 100,
                "disk_type": "pd-standard",
                "guest_accelerator": [],
                "image_type": "COS_CONTAINERD",
                "labels": {},
                "local_ssd_count": 0,
                "machine_type": "e2-medium",
                "metadata": {
                  "disable-legacy-endpoints": "true"
                },
                "min_cpu_platform": "",
                "oauth_scopes": [
                  "https://www.googleapis.com/auth/logging.write",
                  "https://www.googleapis.com/auth/monitoring"
                ],
                "preemptible": false,
                "service_account": "tf-gke-polls-cluster-d-7b31@thandiwekhalaki.iam.gserviceaccount.com",
                "shielded_instance_config": [
                  {
                    "enable_integrity_monitoring": true,
                    "enable_secure_boot": false
                  }
                ],
                "tags": [],
                "taint": [],
                "workload_metadata_config": [
                  {
                    "node_metadata": "GKE_METADATA_SERVER"
                  }
                ]
              }
            ],
            "node_locations": [
              "us-central1-a",
              "us-central1-b",
              "us-central1-c"
            ],
            "node_pool": [
              {
                "autoscaling": [],
                "initial_node_count": 0,
                "instance_group_urls": [
                  "https://www.googleapis.com/compute/v1/projects/thandiwekhalaki/zones/us-central1-a/instanceGroupManagers/gke-polls-cluster-dev-default-pool-81aca704-grp",
                  "https://www.googleapis.com/compute/v1/projects/thandiwekhalaki/zones/us-central1-b/instanceGroupManagers/gke-polls-cluster-dev-default-pool-51994e6c-grp",
                  "https://www.googleapis.com/compute/v1/projects/thandiwekhalaki/zones/us-central1-c/instanceGroupManagers/gke-polls-cluster-dev-default-pool-651f4a72-grp"
                ],
                "management": [
                  {
                    "auto_repair": true,
                    "auto_upgrade": true
                  }
                ],
                "max_pods_per_node": 110,
                "name": "default-pool",
                "name_prefix": "",
                "node_config": [
                  {
                    "disk_size_gb": 100,
                    "disk_type": "pd-standard",
                    "guest_accelerator": [],
                    "image_type": "COS_CONTAINERD",
                    "labels": {},
                    "local_ssd_count": 0,
                    "machine_type": "e2-medium",
                    "metadata": {
                      "disable-legacy-endpoints": "true"
                    },
                    "min_cpu_platform": "",
                    "oauth_scopes": [
                      "https://www.googleapis.com/auth/logging.write",
                      "https://www.googleapis.com/auth/monitoring"
                    ],
                    "preemptible": false,
                    "service_account": "tf-gke-polls-cluster-d-7b31@thandiwekhalaki.iam.gserviceaccount.com",
                    "shielded_instance_config": [
                      {
                        "enable_integrity_monitoring": true,
                        "enable_secure_boot": false
                      }
                    ],
                    "tags": [],
                    "taint": [],
                    "workload_metadata_config": [
                      {
                        "node_metadata": "GKE_METADATA_SERVER"
                      }
                    ]
                  }
                ],
                "node_count": 0,
                "node_locations": [
                  "us-central1-a",
                  "us-central1-b",
                  "us-central1-c"
                ],
                "upgrade_settings": [
                  {
                    "max_surge": 1,
                    "max_unavailable": 0
                  }
                ],
                "version": "1.19.8-gke.1600"
              },
              {
                "autoscaling": [
                  {
                    "max_node_count": 2,
                    "min_node_count": 1
                  }
                ],
                "initial_node_count": 1,
                "instance_group_urls": [
                  "https://www.googleapis.com/compute/v1/projects/thandiwekhalaki/zones/us-central1-a/instanceGroupManagers/gke-polls-cluster-dev-node-pool-c002175a-grp",
                  "https://www.googleapis.com/compute/v1/projects/thandiwekhalaki/zones/us-central1-b/instanceGroupManagers/gke-polls-cluster-dev-node-pool-acd2300f-grp",
                  "https://www.googleapis.com/compute/v1/projects/thandiwekhalaki/zones/us-central1-c/instanceGroupManagers/gke-polls-cluster-dev-node-pool-b6b92989-grp"
                ],
                "management": [
                  {
                    "auto_repair": true,
                    "auto_upgrade": true
                  }
                ],
                "max_pods_per_node": 110,
                "name": "node-pool",
                "name_prefix": "",
                "node_config": [
                  {
                    "disk_size_gb": 30,
                    "disk_type": "pd-standard",
                    "guest_accelerator": [],
                    "image_type": "COS",
                    "labels": {
                      "cluster_name": "polls-cluster-dev",
                      "node_pool": "node-pool"
                    },
                    "local_ssd_count": 0,
                    "machine_type": "e2-medium",
                    "metadata": {
                      "cluster_name": "polls-cluster-dev",
                      "disable-legacy-endpoints": "true",
                      "node_pool": "node-pool"
                    },
                    "min_cpu_platform": "",
                    "oauth_scopes": [
                      "https://www.googleapis.com/auth/cloud-platform"
                    ],
                    "preemptible": false,
                    "service_account": "tf-gke-polls-cluster-d-7b31@thandiwekhalaki.iam.gserviceaccount.com",
                    "shielded_instance_config": [
                      {
                        "enable_integrity_monitoring": true,
                        "enable_secure_boot": false
                      }
                    ],
                    "tags": [
                      "gke-polls-cluster-dev",
                      "gke-polls-cluster-dev-node-pool"
                    ],
                    "taint": [],
                    "workload_metadata_config": [
                      {
                        "node_metadata": "GKE_METADATA_SERVER"
                      }
                    ]
                  }
                ],
                "node_count": 1,
                "node_locations": [
                  "us-central1-a",
                  "us-central1-b",
                  "us-central1-c"
                ],
                "upgrade_settings": [
                  {
                    "max_surge": 1,
                    "max_unavailable": 0
                  }
                ],
                "version": "1.19.8-gke.1600"
              }
            ],
            "node_version": "1.19.8-gke.1600",
            "operation": null,
            "pod_security_policy_config": null,
            "private_cluster_config": [],
            "private_ipv6_google_access": "",
            "project": "thandiwekhalaki",
            "release_channel": [
              {
                "channel": "UNSPECIFIED"
              }
            ],
            "remove_default_node_pool": null,
            "resource_labels": {},
            "resource_usage_export_config": [],
            "self_link": "https://container.googleapis.com/v1beta1/projects/thandiwekhalaki/locations/us-central1/clusters/polls-cluster-dev",
            "services_ipv4_cidr": "10.30.0.0/16",
            "subnetwork": "projects/thandiwekhalaki/regions/us-central1/subnetworks/gke-subnet-dev",
            "tpu_ipv4_cidr_block": "",
            "vertical_pod_autoscaling": [
              {
                "enabled": false
              }
            ],
            "workload_identity_config": [
              {
                "identity_namespace": "thandiwekhalaki.svc.id.goog"
              }
            ]
          },
          "sensitive_attributes": []
        }
      ]
    },
    {
      "module": "module.gke_auth",
      "mode": "data",
      "type": "template_file",
      "name": "kubeconfig",
      "provider": "provider[\"registry.terraform.io/hashicorp/template\"]",
      "instances": [
        {
          "schema_version": 0,
          "attributes": {
            "filename": null,
            "id": "1caf94904d40b67fe874d43acea2d5b082dc57ecf67a00e3995809664392393f",
            "rendered": "apiVersion: v1\nclusters:\n- cluster:\n    certificate-authority-data: LS0tLS1CRUdJTiBDRVJUSUZJQ0FURS0tLS0tCk1JSURLakNDQWhLZ0F3SUJBZ0lRR2t1S0NDK1hSK2RJeXhtQW1sVmo1VEFOQmdrcWhraUc5dzBCQVFzRkFEQXYKTVMwd0t3WURWUVFERXlSbU5XTXpPR1ExWlMwMk1qaGlMVFE0T0dRdFlXSTJNaTFrTkdGaU5tUTNZV1l4WWpRdwpIaGNOTWpFd05ESTFNRGsxTWpJeFdoY05Nall3TkRJME1UQTFNakl4V2pBdk1TMHdLd1lEVlFRREV5Um1OV016Ck9HUTFaUzAyTWpoaUxUUTRPR1F0WVdJMk1pMWtOR0ZpTm1RM1lXWXhZalF3Z2dFaU1BMEdDU3FHU0liM0RRRUIKQVFVQUE0SUJEd0F3Z2dFS0FvSUJBUUNrKzc0K0FzQWlZMWV5VkRycHllODU2WllFWlloUENEV0RSWDhBb1MwYwo5c3VBUlZ3TzVlY3BLaEt1M1hBU3NXaXJQN0NhU3lzVEQ3cXBDY1pFVmxqZlZWbjZDMFdVbis1MWlOMEtxNSs3CkNiOUpiWjFqTCtJU2F5S2lSbHkzWXA2NnBja21CQ1N5ZU1IN0lJcVVzMGJIVDhvM0syU2J0MzZWRlEzKzdtUVcKRGZySzVHZ0JEM2psaXU1c01iOVgyY3hVY3NYWlUzeGQxSmVyejlkTXF0V2pmRk9hdURpUEZTR0Jza1pINUtMZQpDV3pRVTlwVXIwMUExbnhuNU1MeGcwWGNOSmZ3Ty9IY2FteDh6L1pCUFR6NUliWkdvVUhkQXR4SUF3OWo0Ri8xClhTbTFnNE44U09FS2I1c3FXSzJkU1pqMDVJakdVZ3ZTNGcrNmc1V2I4T2tkQWdNQkFBR2pRakJBTUE0R0ExVWQKRHdFQi93UUVBd0lDQkRBUEJnTlZIUk1CQWY4RUJUQURBUUgvTUIwR0ExVWREZ1FXQkJUU0ZmandIbkhiVUhEQgpRT0dXNFg3WHZJUWdtekFOQmdrcWhraUc5dzBCQVFzRkFBT0NBUUVBb0M4MUJ3S1FZbmhBMDJuWEV1YmNjb09KCmdyZ3lTZENLRjlmYS9vTnpNTUNDVU1HRS81SGIvZEpLWlFoZ3pOcDkzOHpnRVVlaVpwUDBhZmRNMGYxcE9hcXQKOUF0bjNraEp5SE9naWEvWTNOUlJLUTI3dkxrajhQRlFyb2tER1ZOZmxTQmxZKy8zaUVhOFBxVWNrekF6Z3grVgpwSHoraUZUbXQ2eWxyeHlMQVJMd2QwRWhnMjFXNW9xMmVqdFE3WlY2ajN1djRtVmU1bjkxWVE5b0Q3azZwL1RvClBSKytUUEZvclN3N3ZEMUMvQ2VBNHVpNEE0dDY0UU9TOWo3dVlCbm5yOHRwZzl2bHpCblpRTklNaUpOOU5JdFYKdWl6Z0UyOW1CZkt5bzdEblIxa21TeTA1aFdmSG1uSjlPd2JERjl1c3BJWFNWM3o0bVFabXpUOThrVUVMblE9PQotLS0tLUVORCBDRVJUSUZJQ0FURS0tLS0tCg==\n    server: https://35.193.10.113\n  name: polls-cluster-dev\ncontexts:\n- context:\n    cluster: polls-cluster-dev\n    user: polls-cluster-dev\n  name: polls-cluster-dev\ncurrent-context: polls-cluster-dev\nkind: Config\npreferences: {}\nusers:\n- name: polls-cluster-dev\n  user:\n    token: ya29.c.KqgB-wdsWuvMjkTqwZpYfoMwAcv5QdiK8VeGKz2FOluufwrUc2lYQ2st2Uq0bFEbVMXlVHkaTofLzL1GfGs4Men1flN6Dkjpb4Kcjy2KZT4zKD-f-9Ms9VqjpV-mEl-NmP_h_Ve1Zh8I_jdmPsA0h9VEDyeQdYM6CFxpP--_CaJMKM5y3pLoIAmiiUdWNKOLinxYHe_MgPxuAj_83mODG55a-iluyGFgNd1R\n",
            "template": "apiVersion: v1\nclusters:\n- cluster:\n    certificate-authority-data: ${cluster_ca_certificate}\n    server: https://${endpoint}\n  name: ${context}\ncontexts:\n- context:\n    cluster: ${context}\n    user: ${context}\n  name: ${context}\ncurrent-context: ${context}\nkind: Config\npreferences: {}\nusers:\n- name: ${context}\n  user:\n    token: ${token}\n",
            "vars": {
              "cluster_ca_certificate": "LS0tLS1CRUdJTiBDRVJUSUZJQ0FURS0tLS0tCk1JSURLakNDQWhLZ0F3SUJBZ0lRR2t1S0NDK1hSK2RJeXhtQW1sVmo1VEFOQmdrcWhraUc5dzBCQVFzRkFEQXYKTVMwd0t3WURWUVFERXlSbU5XTXpPR1ExWlMwMk1qaGlMVFE0T0dRdFlXSTJNaTFrTkdGaU5tUTNZV1l4WWpRdwpIaGNOTWpFd05ESTFNRGsxTWpJeFdoY05Nall3TkRJME1UQTFNakl4V2pBdk1TMHdLd1lEVlFRREV5Um1OV016Ck9HUTFaUzAyTWpoaUxUUTRPR1F0WVdJMk1pMWtOR0ZpTm1RM1lXWXhZalF3Z2dFaU1BMEdDU3FHU0liM0RRRUIKQVFVQUE0SUJEd0F3Z2dFS0FvSUJBUUNrKzc0K0FzQWlZMWV5VkRycHllODU2WllFWlloUENEV0RSWDhBb1MwYwo5c3VBUlZ3TzVlY3BLaEt1M1hBU3NXaXJQN0NhU3lzVEQ3cXBDY1pFVmxqZlZWbjZDMFdVbis1MWlOMEtxNSs3CkNiOUpiWjFqTCtJU2F5S2lSbHkzWXA2NnBja21CQ1N5ZU1IN0lJcVVzMGJIVDhvM0syU2J0MzZWRlEzKzdtUVcKRGZySzVHZ0JEM2psaXU1c01iOVgyY3hVY3NYWlUzeGQxSmVyejlkTXF0V2pmRk9hdURpUEZTR0Jza1pINUtMZQpDV3pRVTlwVXIwMUExbnhuNU1MeGcwWGNOSmZ3Ty9IY2FteDh6L1pCUFR6NUliWkdvVUhkQXR4SUF3OWo0Ri8xClhTbTFnNE44U09FS2I1c3FXSzJkU1pqMDVJakdVZ3ZTNGcrNmc1V2I4T2tkQWdNQkFBR2pRakJBTUE0R0ExVWQKRHdFQi93UUVBd0lDQkRBUEJnTlZIUk1CQWY4RUJUQURBUUgvTUIwR0ExVWREZ1FXQkJUU0ZmandIbkhiVUhEQgpRT0dXNFg3WHZJUWdtekFOQmdrcWhraUc5dzBCQVFzRkFBT0NBUUVBb0M4MUJ3S1FZbmhBMDJuWEV1YmNjb09KCmdyZ3lTZENLRjlmYS9vTnpNTUNDVU1HRS81SGIvZEpLWlFoZ3pOcDkzOHpnRVVlaVpwUDBhZmRNMGYxcE9hcXQKOUF0bjNraEp5SE9naWEvWTNOUlJLUTI3dkxrajhQRlFyb2tER1ZOZmxTQmxZKy8zaUVhOFBxVWNrekF6Z3grVgpwSHoraUZUbXQ2eWxyeHlMQVJMd2QwRWhnMjFXNW9xMmVqdFE3WlY2ajN1djRtVmU1bjkxWVE5b0Q3azZwL1RvClBSKytUUEZvclN3N3ZEMUMvQ2VBNHVpNEE0dDY0UU9TOWo3dVlCbm5yOHRwZzl2bHpCblpRTklNaUpOOU5JdFYKdWl6Z0UyOW1CZkt5bzdEblIxa21TeTA1aFdmSG1uSjlPd2JERjl1c3BJWFNWM3o0bVFabXpUOThrVUVMblE9PQotLS0tLUVORCBDRVJUSUZJQ0FURS0tLS0tCg==",
              "context": "polls-cluster-dev",
              "endpoint": "35.193.10.113",
              "token": "ya29.c.KqgB-wdsWuvMjkTqwZpYfoMwAcv5QdiK8VeGKz2FOluufwrUc2lYQ2st2Uq0bFEbVMXlVHkaTofLzL1GfGs4Men1flN6Dkjpb4Kcjy2KZT4zKD-f-9Ms9VqjpV-mEl-NmP_h_Ve1Zh8I_jdmPsA0h9VEDyeQdYM6CFxpP--_CaJMKM5y3pLoIAmiiUdWNKOLinxYHe_MgPxuAj_83mODG55a-iluyGFgNd1R"
            }
          },
          "sensitive_attributes": [
            [
              {
                "type": "get_attr",
                "value": "vars"
              },
              {
                "type": "index",
                "value": {
                  "value": "token",
                  "type": "string"
                }
              }
            ]
          ]
        }
      ]
    }
  ]
}
